#MicroXplorer Configuration settings - do not modify
CAD.formats=
CAD.pinconfig=
CAD.provider=
Dma.Request0=USART2_RX
Dma.RequestsNb=1
Dma.USART2_RX.0.Direction=DMA_PERIPH_TO_MEMORY
Dma.USART2_RX.0.EventEnable=DISABLE
Dma.USART2_RX.0.Instance=DMA1_Channel1
Dma.USART2_RX.0.MemDataAlignment=DMA_MDATAALIGN_BYTE
Dma.USART2_RX.0.MemInc=DMA_MINC_ENABLE
Dma.USART2_RX.0.Mode=DMA_CIRCULAR
Dma.USART2_RX.0.PeriphDataAlignment=DMA_PDATAALIGN_BYTE
Dma.USART2_RX.0.PeriphInc=DMA_PINC_DISABLE
Dma.USART2_RX.0.Polarity=HAL_DMAMUX_REQ_GEN_RISING
Dma.USART2_RX.0.Priority=DMA_PRIORITY_LOW
Dma.USART2_RX.0.RequestNumber=1
Dma.USART2_RX.0.RequestParameters=Instance,Direction,PeriphInc,MemInc,PeriphDataAlignment,MemDataAlignment,Mode,Priority,SignalID,Polarity,RequestNumber,SyncSignalID,SyncPolarity,SyncEnable,EventEnable,SyncRequestNumber
Dma.USART2_RX.0.SignalID=NONE
Dma.USART2_RX.0.SyncEnable=DISABLE
Dma.USART2_RX.0.SyncPolarity=HAL_DMAMUX_SYNC_NO_EVENT
Dma.USART2_RX.0.SyncRequestNumber=1
Dma.USART2_RX.0.SyncSignalID=NONE
FREERTOS.IPParameters=Tasks01
FREERTOS.Tasks01=defaultTask,0,128,StartDefaultTask,Default,NULL,Dynamic,NULL,NULL
File.Version=6
KeepUserPlacement=false
Mcu.CPN=STM32G070RBT6
Mcu.Family=STM32G0
Mcu.IP0=DMA
Mcu.IP1=FREERTOS
Mcu.IP2=NVIC
Mcu.IP3=RCC
Mcu.IP4=SYS
Mcu.IP5=TIM1
Mcu.IP6=TIM3
Mcu.IP7=TIM17
Mcu.IP8=USART1
Mcu.IP9=USART2
Mcu.IPNb=10
Mcu.Name=STM32G070RBTx
Mcu.Package=LQFP64
Mcu.Pin0=PC12
Mcu.Pin1=PC13
Mcu.Pin10=PA7
Mcu.Pin11=PC4
Mcu.Pin12=PC5
Mcu.Pin13=PB0
Mcu.Pin14=PB1
Mcu.Pin15=PB13
Mcu.Pin16=PA8
Mcu.Pin17=PA9
Mcu.Pin18=PA10
Mcu.Pin19=PA11 [PA9]
Mcu.Pin2=PF0-OSC_IN (PF0)
Mcu.Pin20=PA13
Mcu.Pin21=PA14-BOOT0
Mcu.Pin22=PD1
Mcu.Pin23=PD2
Mcu.Pin24=PD3
Mcu.Pin25=PC10
Mcu.Pin26=VP_FREERTOS_VS_CMSIS_V1
Mcu.Pin27=VP_TIM17_VS_ClockSourceINT
Mcu.Pin3=PF1-OSC_OUT (PF1)
Mcu.Pin4=PC3
Mcu.Pin5=PA0
Mcu.Pin6=PA1
Mcu.Pin7=PA2
Mcu.Pin8=PA3
Mcu.Pin9=PA6
Mcu.PinsNb=28
Mcu.ThirdPartyNb=0
Mcu.UserConstants=
Mcu.UserName=STM32G070RBTx
MxCube.Version=6.9.1
MxDb.Version=DB.6.0.91
NVIC.DMA1_Channel1_IRQn=true\:3\:0\:false\:false\:true\:true\:false\:true\:true
NVIC.ForceEnableDMAVector=true
NVIC.HardFault_IRQn=true\:0\:0\:false\:false\:true\:false\:false\:false\:false
NVIC.NonMaskableInt_IRQn=true\:0\:0\:false\:false\:true\:false\:false\:false\:false
NVIC.PendSV_IRQn=true\:3\:0\:false\:false\:false\:true\:false\:false\:false
NVIC.SVC_IRQn=true\:0\:0\:false\:false\:false\:false\:false\:false\:true
NVIC.SavedPendsvIrqHandlerGenerated=true
NVIC.SavedSvcallIrqHandlerGenerated=true
NVIC.SavedSystickIrqHandlerGenerated=true
NVIC.SysTick_IRQn=true\:3\:0\:false\:false\:true\:true\:false\:true\:false
NVIC.USART2_IRQn=true\:3\:0\:false\:false\:true\:true\:true\:true\:true
PA0.GPIOParameters=GPIO_Label
PA0.GPIO_Label=capteur_bord_1
PA0.Locked=true
PA0.Signal=GPIO_Input
PA1.GPIOParameters=GPIO_Label
PA1.GPIO_Label=bumper_in3
PA1.Locked=true
PA1.Signal=GPIO_Input
PA10.GPIOParameters=GPIO_Label
PA10.GPIO_Label=Driver1_REV
PA10.Locked=true
PA10.Signal=S_TIM1_CH3
PA11\ [PA9].GPIOParameters=GPIO_Label
PA11\ [PA9].GPIO_Label=Driver1_FWD
PA11\ [PA9].Locked=true
PA11\ [PA9].Signal=S_TIM1_CH4
PA13.Locked=true
PA13.Mode=Serial_Wire
PA13.Signal=SYS_SWDIO
PA14-BOOT0.Mode=Serial_Wire
PA14-BOOT0.Signal=SYS_SWCLK
PA2.Locked=true
PA2.Mode=Asynchronous
PA2.Signal=USART2_TX
PA3.Locked=true
PA3.Mode=Asynchronous
PA3.Signal=USART2_RX
PA6.GPIOParameters=GPIO_Label
PA6.GPIO_Label=Encodeur 2
PA6.Signal=S_TIM3_CH1
PA7.GPIOParameters=GPIO_Label
PA7.GPIO_Label=encoder2_mais_pwm_normale
PA7.Locked=true
PA7.Signal=S_TIM3_CH2
PA8.GPIOParameters=GPIO_Label
PA8.GPIO_Label=Encoder 1
PA8.Signal=S_TIM1_CH1
PA9.GPIOParameters=GPIO_Label
PA9.GPIO_Label=Encodeur 1
PA9.Signal=S_TIM1_CH2
PB0.Locked=true
PB0.Signal=S_TIM3_CH3
PB1.Locked=true
PB1.Signal=S_TIM3_CH4
PB13.GPIOParameters=GPIO_Label
PB13.GPIO_Label=bumper_in4
PB13.Locked=true
PB13.Signal=GPIO_Input
PC10.GPIOParameters=GPIO_Label
PC10.GPIO_Label=bumper_in1
PC10.Locked=true
PC10.Signal=GPXTI10
PC12.GPIOParameters=GPIO_Label
PC12.GPIO_Label=souris_led
PC12.Locked=true
PC12.Signal=GPIO_Output
PC13.GPIOParameters=GPIO_Label
PC13.GPIO_Label=chat_led
PC13.Locked=true
PC13.Signal=GPIO_Output
PC3.GPIOParameters=GPIO_Label
PC3.GPIO_Label=bumper_in2
PC3.Locked=true
PC3.Signal=GPIO_Input
PC4.GPIOParameters=GPIO_Label
PC4.GPIO_Label=VCP_TX
PC4.Locked=true
PC4.Mode=Asynchronous
PC4.Signal=USART1_TX
PC5.GPIOParameters=GPIO_Label
PC5.GPIO_Label=VCP_RX
PC5.Locked=true
PC5.Mode=Asynchronous
PC5.Signal=USART1_RX
PD1.GPIOParameters=GPIO_Label
PD1.GPIO_Label=M_SCTR_Lidar
PD1.Locked=true
PD1.Signal=S_TIM17_CH1
PD2.GPIOParameters=GPIO_Label
PD2.GPIO_Label=DEV_EN_Lidar
PD2.Locked=true
PD2.Signal=GPIO_Output
PD3.GPIOParameters=GPIO_Label
PD3.GPIO_Label=M_EN_Lidar
PD3.Locked=true
PD3.Signal=GPIO_Output
PF0-OSC_IN\ (PF0).Locked=true
PF0-OSC_IN\ (PF0).Mode=HSE-External-Oscillator
PF0-OSC_IN\ (PF0).Signal=RCC_OSC_IN
PF1-OSC_OUT\ (PF1).Locked=true
PF1-OSC_OUT\ (PF1).Mode=HSE-External-Oscillator
PF1-OSC_OUT\ (PF1).Signal=RCC_OSC_OUT
PinOutPanel.RotationAngle=0
ProjectManager.AskForMigrate=true
ProjectManager.BackupPrevious=false
ProjectManager.CompilerOptimize=6
ProjectManager.ComputerToolchain=false
ProjectManager.CoupleFile=true
ProjectManager.CustomerFirmwarePackage=
ProjectManager.DefaultFWLocation=true
ProjectManager.DeletePrevious=true
ProjectManager.DeviceId=STM32G070RBTx
ProjectManager.FirmwarePackage=STM32Cube FW_G0 V1.6.1
ProjectManager.FreePins=false
ProjectManager.HalAssertFull=false
ProjectManager.HeapSize=0x200
ProjectManager.KeepUserCode=true
ProjectManager.LastFirmware=false
ProjectManager.LibraryCopy=1
ProjectManager.MainLocation=Core/Src
ProjectManager.NoMain=false
ProjectManager.PreviousToolchain=
ProjectManager.ProjectBuild=false
ProjectManager.ProjectFileName=projet_robot.ioc
ProjectManager.ProjectName=projet_robot
ProjectManager.ProjectStructure=
ProjectManager.RegisterCallBack=
ProjectManager.StackSize=0x400
ProjectManager.TargetToolchain=STM32CubeIDE
ProjectManager.ToolChainLocation=
ProjectManager.UAScriptAfterPath=
ProjectManager.UAScriptBeforePath=
ProjectManager.UnderRoot=true
ProjectManager.functionlistsort=1-SystemClock_Config-RCC-false-HAL-false,2-MX_GPIO_Init-GPIO-false-HAL-true,3-MX_DMA_Init-DMA-false-HAL-true,4-MX_TIM17_Init-TIM17-false-HAL-true,5-MX_TIM1_Init-TIM1-false-HAL-true,6-MX_TIM3_Init-TIM3-false-HAL-true,7-MX_USART2_UART_Init-USART2-false-HAL-true,8-MX_USART1_UART_Init-USART1-false-HAL-true
RCC.ADCFreq_Value=40000000
RCC.AHBCLKDivider=RCC_SYSCLK_DIV2
RCC.AHBFreq_Value=20000000
RCC.APBFreq_Value=20000000
RCC.APBTimFreq_Value=20000000
RCC.CortexFreq_Value=20000000
RCC.EXTERNAL_CLOCK_VALUE=48000
RCC.FCLKCortexFreq_Value=20000000
RCC.FamilyName=M
RCC.HCLKFreq_Value=20000000
RCC.HSE_VALUE=16000000
RCC.HSI_VALUE=16000000
RCC.I2C1Freq_Value=20000000
RCC.I2S1Freq_Value=40000000
RCC.IPParameters=ADCFreq_Value,AHBCLKDivider,AHBFreq_Value,APBFreq_Value,APBTimFreq_Value,CortexFreq_Value,EXTERNAL_CLOCK_VALUE,FCLKCortexFreq_Value,FamilyName,HCLKFreq_Value,HSE_VALUE,HSI_VALUE,I2C1Freq_Value,I2S1Freq_Value,LSCOPinFreq_Value,LSE_VALUE,LSI_VALUE,MCO1PinFreq_Value,PLLN,PLLPoutputFreq_Value,PLLR,PLLRCLKFreq_Value,PLLSourceVirtual,PWRFreq_Value,SYSCLKFreq_VALUE,SYSCLKSource,USART1Freq_Value,USART2Freq_Value,VCOInputFreq_Value,VCOOutputFreq_Value
RCC.LSCOPinFreq_Value=32000
RCC.LSE_VALUE=32768
RCC.LSI_VALUE=32000
RCC.MCO1PinFreq_Value=40000000
RCC.PLLN=10
RCC.PLLPoutputFreq_Value=80000000
RCC.PLLR=RCC_PLLR_DIV4
RCC.PLLRCLKFreq_Value=40000000
RCC.PLLSourceVirtual=RCC_PLLSOURCE_HSE
RCC.PWRFreq_Value=40000000
RCC.SYSCLKFreq_VALUE=40000000
RCC.SYSCLKSource=RCC_SYSCLKSOURCE_PLLCLK
RCC.USART1Freq_Value=20000000
RCC.USART2Freq_Value=20000000
RCC.VCOInputFreq_Value=16000000
RCC.VCOOutputFreq_Value=160000000
SH.GPXTI10.0=GPIO_EXTI10
SH.GPXTI10.ConfNb=1
SH.S_TIM17_CH1.0=TIM17_CH1,PWM Generation1 CH1
SH.S_TIM17_CH1.ConfNb=1
SH.S_TIM1_CH1.0=TIM1_CH1,Encoder_Interface
SH.S_TIM1_CH1.ConfNb=1
SH.S_TIM1_CH2.0=TIM1_CH2,Encoder_Interface
SH.S_TIM1_CH2.ConfNb=1
SH.S_TIM1_CH3.0=TIM1_CH3
SH.S_TIM1_CH3.ConfNb=1
SH.S_TIM1_CH4.0=TIM1_CH4
SH.S_TIM1_CH4.ConfNb=1
SH.S_TIM3_CH1.0=TIM3_CH1,Encoder_Interface
SH.S_TIM3_CH1.ConfNb=1
SH.S_TIM3_CH2.0=TIM3_CH2,Encoder_Interface
SH.S_TIM3_CH2.ConfNb=1
SH.S_TIM3_CH3.0=TIM3_CH3
SH.S_TIM3_CH3.ConfNb=1
SH.S_TIM3_CH4.0=TIM3_CH4
SH.S_TIM3_CH4.ConfNb=1
TIM17.Channel=TIM_CHANNEL_1
TIM17.IPParameters=Channel,Period
TIM17.Period=999
USART1.IPParameters=VirtualMode-Asynchronous,SwapParam
USART1.SwapParam=ADVFEATURE_SWAP_ENABLE
USART1.VirtualMode-Asynchronous=VM_ASYNC
USART2.BaudRate=128000
USART2.IPParameters=VirtualMode-Asynchronous,SwapParam,BaudRate
USART2.SwapParam=ADVFEATURE_SWAP_ENABLE
USART2.VirtualMode-Asynchronous=VM_ASYNC
VP_FREERTOS_VS_CMSIS_V1.Mode=CMSIS_V1
VP_FREERTOS_VS_CMSIS_V1.Signal=FREERTOS_VS_CMSIS_V1
VP_TIM17_VS_ClockSourceINT.Mode=Enable_Timer
VP_TIM17_VS_ClockSourceINT.Signal=TIM17_VS_ClockSourceINT
board=custom
rtos.0.ip=FREERTOS
isbadioc=false
